// !$*UTF8*$!
{
	archiveVersion = 1;
	classes = {
	};
	objectVersion = 55;
	objects = {

/* Begin PBXBuildFile section */
		BDCAF50F28F7E7C4004ECB1A /* photoAppApp.swift in Sources */ = {isa = PBXBuildFile; fileRef = BDCAF50E28F7E7C4004ECB1A /* photoAppApp.swift */; };
		BDCAF51128F7E7C4004ECB1A /* ContentView.swift in Sources */ = {isa = PBXBuildFile; fileRef = BDCAF51028F7E7C4004ECB1A /* ContentView.swift */; };
		BDCAF51328F7E7C7004ECB1A /* Assets.xcassets in Resources */ = {isa = PBXBuildFile; fileRef = BDCAF51228F7E7C7004ECB1A /* Assets.xcassets */; };
		BDCAF51628F7E7C7004ECB1A /* Preview Assets.xcassets in Resources */ = {isa = PBXBuildFile; fileRef = BDCAF51528F7E7C7004ECB1A /* Preview Assets.xcassets */; };
		BDCAF52028F7E7C7004ECB1A /* photoAppTests.swift in Sources */ = {isa = PBXBuildFile; fileRef = BDCAF51F28F7E7C7004ECB1A /* photoAppTests.swift */; };
		BDCAF52A28F7E7C7004ECB1A /* photoAppUITests.swift in Sources */ = {isa = PBXBuildFile; fileRef = BDCAF52928F7E7C7004ECB1A /* photoAppUITests.swift */; };
		BDCAF52C28F7E7C7004ECB1A /* photoAppUITestsLaunchTests.swift in Sources */ = {isa = PBXBuildFile; fileRef = BDCAF52B28F7E7C7004ECB1A /* photoAppUITestsLaunchTests.swift */; };
		BDCAF53A28F7E859004ECB1A /* Alamofire in Frameworks */ = {isa = PBXBuildFile; productRef = BDCAF53928F7E859004ECB1A /* Alamofire */; };
		BDCAF53C28F7E92F004ECB1A /* EditView.swift in Sources */ = {isa = PBXBuildFile; fileRef = BDCAF53B28F7E92F004ECB1A /* EditView.swift */; };
		BDCAF53E28F7E947004ECB1A /* Post.swift in Sources */ = {isa = PBXBuildFile; fileRef = BDCAF53D28F7E947004ECB1A /* Post.swift */; };
		BDCAF54028F7E965004ECB1A /* PostPhotoView.swift in Sources */ = {isa = PBXBuildFile; fileRef = BDCAF53F28F7E965004ECB1A /* PostPhotoView.swift */; };
		BDCAF54228F7E991004ECB1A /* PostDetailView.swift in Sources */ = {isa = PBXBuildFile; fileRef = BDCAF54128F7E991004ECB1A /* PostDetailView.swift */; };
/* End PBXBuildFile section */

/* Begin PBXContainerItemProxy section */
		BDCAF51C28F7E7C7004ECB1A /* PBXContainerItemProxy */ = {
			isa = PBXContainerItemProxy;
			containerPortal = BDCAF50328F7E7C4004ECB1A /* Project object */;
			proxyType = 1;
			remoteGlobalIDString = BDCAF50A28F7E7C4004ECB1A;
			remoteInfo = photoApp;
		};
		BDCAF52628F7E7C7004ECB1A /* PBXContainerItemProxy */ = {
			isa = PBXContainerItemProxy;
			containerPortal = BDCAF50328F7E7C4004ECB1A /* Project object */;
			proxyType = 1;
			remoteGlobalIDString = BDCAF50A28F7E7C4004ECB1A;
			remoteInfo = photoApp;
		};
/* End PBXContainerItemProxy section */

/* Begin PBXFileReference section */
		BDCAF50B28F7E7C4004ECB1A /* photoApp.app */ = {isa = PBXFileReference; explicitFileType = wrapper.application; includeInIndex = 0; path = photoApp.app; sourceTree = BUILT_PRODUCTS_DIR; };
		BDCAF50E28F7E7C4004ECB1A /* photoAppApp.swift */ = {isa = PBXFileReference; lastKnownFileType = sourcecode.swift; path = photoAppApp.swift; sourceTree = "<group>"; };
		BDCAF51028F7E7C4004ECB1A /* ContentView.swift */ = {isa = PBXFileReference; lastKnownFileType = sourcecode.swift; path = ContentView.swift; sourceTree = "<group>"; };
		BDCAF51228F7E7C7004ECB1A /* Assets.xcassets */ = {isa = PBXFileReference; lastKnownFileType = folder.assetcatalog; path = Assets.xcassets; sourceTree = "<group>"; };
		BDCAF51528F7E7C7004ECB1A /* Preview Assets.xcassets */ = {isa = PBXFileReference; lastKnownFileType = folder.assetcatalog; path = "Preview Assets.xcassets"; sourceTree = "<group>"; };
		BDCAF51B28F7E7C7004ECB1A /* photoAppTests.xctest */ = {isa = PBXFileReference; explicitFileType = wrapper.cfbundle; includeInIndex = 0; path = photoAppTests.xctest; sourceTree = BUILT_PRODUCTS_DIR; };
		BDCAF51F28F7E7C7004ECB1A /* photoAppTests.swift */ = {isa = PBXFileReference; lastKnownFileType = sourcecode.swift; path = photoAppTests.swift; sourceTree = "<group>"; };
		BDCAF52528F7E7C7004ECB1A /* photoAppUITests.xctest */ = {isa = PBXFileReference; explicitFileType = wrapper.cfbundle; includeInIndex = 0; path = photoAppUITests.xctest; sourceTree = BUILT_PRODUCTS_DIR; };
		BDCAF52928F7E7C7004ECB1A /* photoAppUITests.swift */ = {isa = PBXFileReference; lastKnownFileType = sourcecode.swift; path = photoAppUITests.swift; sourceTree = "<group>"; };
		BDCAF52B28F7E7C7004ECB1A /* photoAppUITestsLaunchTests.swift */ = {isa = PBXFileReference; lastKnownFileType = sourcecode.swift; path = photoAppUITestsLaunchTests.swift; sourceTree = "<group>"; };
		BDCAF53B28F7E92F004ECB1A /* EditView.swift */ = {isa = PBXFileReference; lastKnownFileType = sourcecode.swift; path = EditView.swift; sourceTree = "<group>"; };
		BDCAF53D28F7E947004ECB1A /* Post.swift */ = {isa = PBXFileReference; lastKnownFileType = sourcecode.swift; path = Post.swift; sourceTree = "<group>"; };
		BDCAF53F28F7E965004ECB1A /* PostPhotoView.swift */ = {isa = PBXFileReference; lastKnownFileType = sourcecode.swift; path = PostPhotoView.swift; sourceTree = "<group>"; };
		BDCAF54128F7E991004ECB1A /* PostDetailView.swift */ = {isa = PBXFileReference; lastKnownFileType = sourcecode.swift; path = PostDetailView.swift; sourceTree = "<group>"; };
/* End PBXFileReference section */

/* Begin PBXFrameworksBuildPhase section */
		BDCAF50828F7E7C4004ECB1A /* Frameworks */ = {
			isa = PBXFrameworksBuildPhase;
			buildActionMask = 2147483647;
			files = (
				BDCAF53A28F7E859004ECB1A /* Alamofire in Frameworks */,
			);
			runOnlyForDeploymentPostprocessing = 0;
		};
		BDCAF51828F7E7C7004ECB1A /* Frameworks */ = {
			isa = PBXFrameworksBuildPhase;
			buildActionMask = 2147483647;
			files = (
			);
			runOnlyForDeploymentPostprocessing = 0;
		};
		BDCAF52228F7E7C7004ECB1A /* Frameworks */ = {
			isa = PBXFrameworksBuildPhase;
			buildActionMask = 2147483647;
			files = (
			);
			runOnlyForDeploymentPostprocessing = 0;
		};
/* End PBXFrameworksBuildPhase section */

/* Begin PBXGroup section */
		BDCAF50228F7E7C4004ECB1A = {
			isa = PBXGroup;
			children = (
				BDCAF50D28F7E7C4004ECB1A /* photoApp */,
				BDCAF51E28F7E7C7004ECB1A /* photoAppTests */,
				BDCAF52828F7E7C7004ECB1A /* photoAppUITests */,
				BDCAF50C28F7E7C4004ECB1A /* Products */,
			);
			sourceTree = "<group>";
		};
		BDCAF50C28F7E7C4004ECB1A /* Products */ = {
			isa = PBXGroup;
			children = (
				BDCAF50B28F7E7C4004ECB1A /* photoApp.app */,
				BDCAF51B28F7E7C7004ECB1A /* photoAppTests.xctest */,
				BDCAF52528F7E7C7004ECB1A /* photoAppUITests.xctest */,
			);
			name = Products;
			sourceTree = "<group>";
		};
		BDCAF50D28F7E7C4004ECB1A /* photoApp */ = {
			isa = PBXGroup;
			children = (
				BDCAF50E28F7E7C4004ECB1A /* photoAppApp.swift */,
				BDCAF51028F7E7C4004ECB1A /* ContentView.swift */,
				BDCAF53B28F7E92F004ECB1A /* EditView.swift */,
				BDCAF53D28F7E947004ECB1A /* Post.swift */,
				BDCAF53F28F7E965004ECB1A /* PostPhotoView.swift */,
				BDCAF54128F7E991004ECB1A /* PostDetailView.swift */,
				BDCAF51228F7E7C7004ECB1A /* Assets.xcassets */,
				BDCAF51428F7E7C7004ECB1A /* Preview Content */,
			);
			path = photoApp;
			sourceTree = "<group>";
		};
		BDCAF51428F7E7C7004ECB1A /* Preview Content */ = {
			isa = PBXGroup;
			children = (
				BDCAF51528F7E7C7004ECB1A /* Preview Assets.xcassets */,
			);
			path = "Preview Content";
			sourceTree = "<group>";
		};
		BDCAF51E28F7E7C7004ECB1A /* photoAppTests */ = {
			isa = PBXGroup;
			children = (
				BDCAF51F28F7E7C7004ECB1A /* photoAppTests.swift */,
			);
			path = photoAppTests;
			sourceTree = "<group>";
		};
		BDCAF52828F7E7C7004ECB1A /* photoAppUITests */ = {
			isa = PBXGroup;
			children = (
				BDCAF52928F7E7C7004ECB1A /* photoAppUITests.swift */,
				BDCAF52B28F7E7C7004ECB1A /* photoAppUITestsLaunchTests.swift */,
			);
			path = photoAppUITests;
			sourceTree = "<group>";
		};
/* End PBXGroup section */

/* Begin PBXNativeTarget section */
		BDCAF50A28F7E7C4004ECB1A /* photoApp */ = {
			isa = PBXNativeTarget;
			buildConfigurationList = BDCAF52F28F7E7C7004ECB1A /* Build configuration list for PBXNativeTarget "photoApp" */;
			buildPhases = (
				BDCAF50728F7E7C4004ECB1A /* Sources */,
				BDCAF50828F7E7C4004ECB1A /* Frameworks */,
				BDCAF50928F7E7C4004ECB1A /* Resources */,
			);
			buildRules = (
			);
			dependencies = (
			);
			name = photoApp;
			packageProductDependencies = (
				BDCAF53928F7E859004ECB1A /* Alamofire */,
			);
			productName = photoApp;
			productReference = BDCAF50B28F7E7C4004ECB1A /* photoApp.app */;
			productType = "com.apple.product-type.application";
		};
		BDCAF51A28F7E7C7004ECB1A /* photoAppTests */ = {
			isa = PBXNativeTarget;
			buildConfigurationList = BDCAF53228F7E7C7004ECB1A /* Build configuration list for PBXNativeTarget "photoAppTests" */;
			buildPhases = (
				BDCAF51728F7E7C7004ECB1A /* Sources */,
				BDCAF51828F7E7C7004ECB1A /* Frameworks */,
				BDCAF51928F7E7C7004ECB1A /* Resources */,
			);
			buildRules = (
			);
			dependencies = (
				BDCAF51D28F7E7C7004ECB1A /* PBXTargetDependency */,
			);
			name = photoAppTests;
			productName = photoAppTests;
			productReference = BDCAF51B28F7E7C7004ECB1A /* photoAppTests.xctest */;
			productType = "com.apple.product-type.bundle.unit-test";
		};
		BDCAF52428F7E7C7004ECB1A /* photoAppUITests */ = {
			isa = PBXNativeTarget;
			buildConfigurationList = BDCAF53528F7E7C7004ECB1A /* Build configuration list for PBXNativeTarget "photoAppUITests" */;
			buildPhases = (
				BDCAF52128F7E7C7004ECB1A /* Sources */,
				BDCAF52228F7E7C7004ECB1A /* Frameworks */,
				BDCAF52328F7E7C7004ECB1A /* Resources */,
			);
			buildRules = (
			);
			dependencies = (
				BDCAF52728F7E7C7004ECB1A /* PBXTargetDependency */,
			);
			name = photoAppUITests;
			productName = photoAppUITests;
			productReference = BDCAF52528F7E7C7004ECB1A /* photoAppUITests.xctest */;
			productType = "com.apple.product-type.bundle.ui-testing";
		};
/* End PBXNativeTarget section */

/* Begin PBXProject section */
		BDCAF50328F7E7C4004ECB1A /* Project object */ = {
			isa = PBXProject;
			attributes = {
				BuildIndependentTargetsInParallel = 1;
				LastSwiftUpdateCheck = 1340;
				LastUpgradeCheck = 1340;
				TargetAttributes = {
					BDCAF50A28F7E7C4004ECB1A = {
						CreatedOnToolsVersion = 13.4.1;
					};
					BDCAF51A28F7E7C7004ECB1A = {
						CreatedOnToolsVersion = 13.4.1;
						TestTargetID = BDCAF50A28F7E7C4004ECB1A;
					};
					BDCAF52428F7E7C7004ECB1A = {
						CreatedOnToolsVersion = 13.4.1;
						TestTargetID = BDCAF50A28F7E7C4004ECB1A;
					};
				};
			};
			buildConfigurationList = BDCAF50628F7E7C4004ECB1A /* Build configuration list for PBXProject "photoApp" */;
			compatibilityVersion = "Xcode 13.0";
			developmentRegion = en;
			hasScannedForEncodings = 0;
			knownRegions = (
				en,
				Base,
			);
			mainGroup = BDCAF50228F7E7C4004ECB1A;
			packageReferences = (
				BDCAF53828F7E859004ECB1A /* XCRemoteSwiftPackageReference "Alamofire" */,
			);
			productRefGroup = BDCAF50C28F7E7C4004ECB1A /* Products */;
			projectDirPath = "";
			projectRoot = "";
			targets = (
				BDCAF50A28F7E7C4004ECB1A /* photoApp */,
				BDCAF51A28F7E7C7004ECB1A /* photoAppTests */,
				BDCAF52428F7E7C7004ECB1A /* photoAppUITests */,
			);
		};
/* End PBXProject section */

/* Begin PBXResourcesBuildPhase section */
		BDCAF50928F7E7C4004ECB1A /* Resources */ = {
			isa = PBXResourcesBuildPhase;
			buildActionMask = 2147483647;
			files = (
				BDCAF51628F7E7C7004ECB1A /* Preview Assets.xcassets in Resources */,
				BDCAF51328F7E7C7004ECB1A /* Assets.xcassets in Resources */,
			);
			runOnlyForDeploymentPostprocessing = 0;
		};
		BDCAF51928F7E7C7004ECB1A /* Resources */ = {
			isa = PBXResourcesBuildPhase;
			buildActionMask = 2147483647;
			files = (
			);
			runOnlyForDeploymentPostprocessing = 0;
		};
		BDCAF52328F7E7C7004ECB1A /* Resources */ = {
			isa = PBXResourcesBuildPhase;
			buildActionMask = 2147483647;
			files = (
			);
			runOnlyForDeploymentPostprocessing = 0;
		};
/* End PBXResourcesBuildPhase section */

/* Begin PBXSourcesBuildPhase section */
		BDCAF50728F7E7C4004ECB1A /* Sources */ = {
			isa = PBXSourcesBuildPhase;
			buildActionMask = 2147483647;
			files = (
				BDCAF51128F7E7C4004ECB1A /* ContentView.swift in Sources */,
				BDCAF50F28F7E7C4004ECB1A /* photoAppApp.swift in Sources */,
				BDCAF54028F7E965004ECB1A /* PostPhotoView.swift in Sources */,
				BDCAF54228F7E991004ECB1A /* PostDetailView.swift in Sources */,
				BDCAF53C28F7E92F004ECB1A /* EditView.swift in Sources */,
				BDCAF53E28F7E947004ECB1A /* Post.swift in Sources */,
			);
			runOnlyForDeploymentPostprocessing = 0;
		};
		BDCAF51728F7E7C7004ECB1A /* Sources */ = {
			isa = PBXSourcesBuildPhase;
			buildActionMask = 2147483647;
			files = (
				BDCAF52028F7E7C7004ECB1A /* photoAppTests.swift in Sources */,
			);
			runOnlyForDeploymentPostprocessing = 0;
		};
		BDCAF52128F7E7C7004ECB1A /* Sources */ = {
			isa = PBXSourcesBuildPhase;
			buildActionMask = 2147483647;
			files = (
				BDCAF52C28F7E7C7004ECB1A /* photoAppUITestsLaunchTests.swift in Sources */,
				BDCAF52A28F7E7C7004ECB1A /* photoAppUITests.swift in Sources */,
			);
			runOnlyForDeploymentPostprocessing = 0;
		};
/* End PBXSourcesBuildPhase section */

/* Begin PBXTargetDependency section */
		BDCAF51D28F7E7C7004ECB1A /* PBXTargetDependency */ = {
			isa = PBXTargetDependency;
			target = BDCAF50A28F7E7C4004ECB1A /* photoApp */;
			targetProxy = BDCAF51C28F7E7C7004ECB1A /* PBXContainerItemProxy */;
		};
		BDCAF52728F7E7C7004ECB1A /* PBXTargetDependency */ = {
			isa = PBXTargetDependency;
			target = BDCAF50A28F7E7C4004ECB1A /* photoApp */;
			targetProxy = BDCAF52628F7E7C7004ECB1A /* PBXContainerItemProxy */;
		};
/* End PBXTargetDependency section */

/* Begin XCBuildConfiguration section */
		BDCAF52D28F7E7C7004ECB1A /* Debug */ = {
			isa = XCBuildConfiguration;
			buildSettings = {
				ALWAYS_SEARCH_USER_PATHS = NO;
				CLANG_ANALYZER_NONNULL = YES;
				CLANG_ANALYZER_NUMBER_OBJECT_CONVERSION = YES_AGGRESSIVE;
				CLANG_CXX_LANGUAGE_STANDARD = "gnu++17";
				CLANG_ENABLE_MODULES = YES;
				CLANG_ENABLE_OBJC_ARC = YES;
				CLANG_ENABLE_OBJC_WEAK = YES;
				CLANG_WARN_BLOCK_CAPTURE_AUTORELEASING = YES;
				CLANG_WARN_BOOL_CONVERSION = YES;
				CLANG_WARN_COMMA = YES;
				CLANG_WARN_CONSTANT_CONVERSION = YES;
				CLANG_WARN_DEPRECATED_OBJC_IMPLEMENTATIONS = YES;
				CLANG_WARN_DIRECT_OBJC_ISA_USAGE = YES_ERROR;
				CLANG_WARN_DOCUMENTATION_COMMENTS = YES;
				CLANG_WARN_EMPTY_BODY = YES;
				CLANG_WARN_ENUM_CONVERSION = YES;
				CLANG_WARN_INFINITE_RECURSION = YES;
				CLANG_WARN_INT_CONVERSION = YES;
				CLANG_WARN_NON_LITERAL_NULL_CONVERSION = YES;
				CLANG_WARN_OBJC_IMPLICIT_RETAIN_SELF = YES;
				CLANG_WARN_OBJC_LITERAL_CONVERSION = YES;
				CLANG_WARN_OBJC_ROOT_CLASS = YES_ERROR;
				CLANG_WARN_QUOTED_INCLUDE_IN_FRAMEWORK_HEADER = YES;
				CLANG_WARN_RANGE_LOOP_ANALYSIS = YES;
				CLANG_WARN_STRICT_PROTOTYPES = YES;
				CLANG_WARN_SUSPICIOUS_MOVE = YES;
				CLANG_WARN_UNGUARDED_AVAILABILITY = YES_AGGRESSIVE;
				CLANG_WARN_UNREACHABLE_CODE = YES;
				CLANG_WARN__DUPLICATE_METHOD_MATCH = YES;
				COPY_PHASE_STRIP = NO;
				DEBUG_INFORMATION_FORMAT = dwarf;
				ENABLE_STRICT_OBJC_MSGSEND = YES;
				ENABLE_TESTABILITY = YES;
				GCC_C_LANGUAGE_STANDARD = gnu11;
				GCC_DYNAMIC_NO_PIC = NO;
				GCC_NO_COMMON_BLOCKS = YES;
				GCC_OPTIMIZATION_LEVEL = 0;
				GCC_PREPROCESSOR_DEFINITIONS = (
					"DEBUG=1",
					"$(inherited)",
				);
				GCC_WARN_64_TO_32_BIT_CONVERSION = YES;
				GCC_WARN_ABOUT_RETURN_TYPE = YES_ERROR;
				GCC_WARN_UNDECLARED_SELECTOR = YES;
				GCC_WARN_UNINITIALIZED_AUTOS = YES_AGGRESSIVE;
				GCC_WARN_UNUSED_FUNCTION = YES;
				GCC_WARN_UNUSED_VARIABLE = YES;
				IPHONEOS_DEPLOYMENT_TARGET = 15.5;
				MTL_ENABLE_DEBUG_INFO = INCLUDE_SOURCE;
				MTL_FAST_MATH = YES;
				ONLY_ACTIVE_ARCH = YES;
				SDKROOT = iphoneos;
				SWIFT_ACTIVE_COMPILATION_CONDITIONS = DEBUG;
				SWIFT_OPTIMIZATION_LEVEL = "-Onone";
			};
			name = Debug;
		};
		BDCAF52E28F7E7C7004ECB1A /* Release */ = {
			isa = XCBuildConfiguration;
			buildSettings = {
				ALWAYS_SEARCH_USER_PATHS = NO;
				CLANG_ANALYZER_NONNULL = YES;
				CLANG_ANALYZER_NUMBER_OBJECT_CONVERSION = YES_AGGRESSIVE;
				CLANG_CXX_LANGUAGE_STANDARD = "gnu++17";
				CLANG_ENABLE_MODULES = YES;
				CLANG_ENABLE_OBJC_ARC = YES;
				CLANG_ENABLE_OBJC_WEAK = YES;
				CLANG_WARN_BLOCK_CAPTURE_AUTORELEASING = YES;
				CLANG_WARN_BOOL_CONVERSION = YES;
				CLANG_WARN_COMMA = YES;
				CLANG_WARN_CONSTANT_CONVERSION = YES;
				CLANG_WARN_DEPRECATED_OBJC_IMPLEMENTATIONS = YES;
				CLANG_WARN_DIRECT_OBJC_ISA_USAGE = YES_ERROR;
				CLANG_WARN_DOCUMENTATION_COMMENTS = YES;
				CLANG_WARN_EMPTY_BODY = YES;
				CLANG_WARN_ENUM_CONVERSION = YES;
				CLANG_WARN_INFINITE_RECURSION = YES;
				CLANG_WARN_INT_CONVERSION = YES;
				CLANG_WARN_NON_LITERAL_NULL_CONVERSION = YES;
				CLANG_WARN_OBJC_IMPLICIT_RETAIN_SELF = YES;
				CLANG_WARN_OBJC_LITERAL_CONVERSION = YES;
				CLANG_WARN_OBJC_ROOT_CLASS = YES_ERROR;
				CLANG_WARN_QUOTED_INCLUDE_IN_FRAMEWORK_HEADER = YES;
				CLANG_WARN_RANGE_LOOP_ANALYSIS = YES;
				CLANG_WARN_STRICT_PROTOTYPES = YES;
				CLANG_WARN_SUSPICIOUS_MOVE = YES;
				CLANG_WARN_UNGUARDED_AVAILABILITY = YES_AGGRESSIVE;
				CLANG_WARN_UNREACHABLE_CODE = YES;
				CLANG_WARN__DUPLICATE_METHOD_MATCH = YES;
				COPY_PHASE_STRIP = NO;
				DEBUG_INFORMATION_FORMAT = "dwarf-with-dsym";
				ENABLE_NS_ASSERTIONS = NO;
				ENABLE_STRICT_OBJC_MSGSEND = YES;
				GCC_C_LANGUAGE_STANDARD = gnu11;
				GCC_NO_COMMON_BLOCKS = YES;
				GCC_WARN_64_TO_32_BIT_CONVERSION = YES;
				GCC_WARN_ABOUT_RETURN_TYPE = YES_ERROR;
				GCC_WARN_UNDECLARED_SELECTOR = YES;
				GCC_WARN_UNINITIALIZED_AUTOS = YES_AGGRESSIVE;
				GCC_WARN_UNUSED_FUNCTION = YES;
				GCC_WARN_UNUSED_VARIABLE = YES;
				IPHONEOS_DEPLOYMENT_TARGET = 15.5;
				MTL_ENABLE_DEBUG_INFO = NO;
				MTL_FAST_MATH = YES;
				SDKROOT = iphoneos;
				SWIFT_COMPILATION_MODE = wholemodule;
				SWIFT_OPTIMIZATION_LEVEL = "-O";
				VALIDATE_PRODUCT = YES;
			};
			name = Release;
		};
		BDCAF53028F7E7C7004ECB1A /* Debug */ = {
			isa = XCBuildConfiguration;
			buildSettings = {
				ASSETCATALOG_COMPILER_APPICON_NAME = AppIcon;
				ASSETCATALOG_COMPILER_GLOBAL_ACCENT_COLOR_NAME = AccentColor;
				CODE_SIGN_STYLE = Automatic;
				CURRENT_PROJECT_VERSION = 1;
				DEVELOPMENT_ASSET_PATHS = "\"photoApp/Preview Content\"";
				ENABLE_PREVIEWS = YES;
				GENERATE_INFOPLIST_FILE = YES;
				INFOPLIST_KEY_UIApplicationSceneManifest_Generation = YES;
				INFOPLIST_KEY_UIApplicationSupportsIndirectInputEvents = YES;
				INFOPLIST_KEY_UILaunchScreen_Generation = YES;
				INFOPLIST_KEY_UISupportedInterfaceOrientations_iPad = "UIInterfaceOrientationPortrait UIInterfaceOrientationPortraitUpsideDown UIInterfaceOrientationLandscapeLeft UIInterfaceOrientationLandscapeRight";
				INFOPLIST_KEY_UISupportedInterfaceOrientations_iPhone = "UIInterfaceOrientationPortrait UIInterfaceOrientationLandscapeLeft UIInterfaceOrientationLandscapeRight";
				LD_RUNPATH_SEARCH_PATHS = (
					"$(inherited)",
					"@executable_path/Frameworks",
				);
				MARKETING_VERSION = 1.0;
				PRODUCT_BUNDLE_IDENTIFIER = com.yourcompany.photoApp;
				PRODUCT_NAME = "$(TARGET_NAME)";
				SWIFT_EMIT_LOC_STRINGS = YES;
				SWIFT_VERSION = 5.0;
				TARGETED_DEVICE_FAMILY = "1,2";
			};
			name = Debug;
		};
		BDCAF53128F7E7C7004ECB1A /* Release */ = {
			isa = XCBuildConfiguration;
			buildSettings = {
				ASSETCATALOG_COMPILER_APPICON_NAME = AppIcon;
				ASSETCATALOG_COMPILER_GLOBAL_ACCENT_COLOR_NAME = AccentColor;
				CODE_SIGN_STYLE = Automatic;
				CURRENT_PROJECT_VERSION = 1;
				DEVELOPMENT_ASSET_PATHS = "\"photoApp/Preview Content\"";
				ENABLE_PREVIEWS = YES;
				GENERATE_INFOPLIST_FILE = YES;
				INFOPLIST_KEY_UIApplicationSceneManifest_Generation = YES;
				INFOPLIST_KEY_UIApplicationSupportsIndirectInputEvents = YES;
				INFOPLIST_KEY_UILaunchScreen_Generation = YES;
				INFOPLIST_KEY_UISupportedInterfaceOrientations_iPad = "UIInterfaceOrientationPortrait UIInterfaceOrientationPortraitUpsideDown UIInterfaceOrientationLandscapeLeft UIInterfaceOrientationLandscapeRight";
				INFOPLIST_KEY_UISupportedInterfaceOrientations_iPhone = "UIInterfaceOrientationPortrait UIInterfaceOrientationLandscapeLeft UIInterfaceOrientationLandscapeRight";
				LD_RUNPATH_SEARCH_PATHS = (
					"$(inherited)",
					"@executable_path/Frameworks",
				);
				MARKETING_VERSION = 1.0;
				PRODUCT_BUNDLE_IDENTIFIER = com.yourcompany.photoApp;
				PRODUCT_NAME = "$(TARGET_NAME)";
				SWIFT_EMIT_LOC_STRINGS = YES;
				SWIFT_VERSION = 5.0;
				TARGETED_DEVICE_FAMILY = "1,2";
			};
			name = Release;
		};
		BDCAF53328F7E7C7004ECB1A /* Debug */ = {
			isa = XCBuildConfiguration;
			buildSettings = {
				ALWAYS_EMBED_SWIFT_STANDARD_LIBRARIES = YES;
				BUNDLE_LOADER = "$(TEST_HOST)";
				CODE_SIGN_STYLE = Automatic;
				CURRENT_PROJECT_VERSION = 1;
				GENERATE_INFOPLIST_FILE = YES;
				IPHONEOS_DEPLOYMENT_TARGET = 15.5;
				MARKETING_VERSION = 1.0;
				PRODUCT_BUNDLE_IDENTIFIER = com.yourcompany.photoAppTests;
				PRODUCT_NAME = "$(TARGET_NAME)";
				SWIFT_EMIT_LOC_STRINGS = NO;
				SWIFT_VERSION = 5.0;
				TARGETED_DEVICE_FAMILY = "1,2";
				TEST_HOST = "$(BUILT_PRODUCTS_DIR)/photoApp.app/photoApp";
			};
			name = Debug;
		};
		BDCAF53428F7E7C7004ECB1A /* Release */ = {
			isa = XCBuildConfiguration;
			buildSettings = {
				ALWAYS_EMBED_SWIFT_STANDARD_LIBRARIES = YES;
				BUNDLE_LOADER = "$(TEST_HOST)";
				CODE_SIGN_STYLE = Automatic;
				CURRENT_PROJECT_VERSION = 1;
				GENERATE_INFOPLIST_FILE = YES;
				IPHONEOS_DEPLOYMENT_TARGET = 15.5;
				MARKETING_VERSION = 1.0;
				PRODUCT_BUNDLE_IDENTIFIER = com.yourcompany.photoAppTests;
				PRODUCT_NAME = "$(TARGET_NAME)";
				SWIFT_EMIT_LOC_STRINGS = NO;
				SWIFT_VERSION = 5.0;
				TARGETED_DEVICE_FAMILY = "1,2";
				TEST_HOST = "$(BUILT_PRODUCTS_DIR)/photoApp.app/photoApp";
			};
			name = Release;
		};
		BDCAF53628F7E7C7004ECB1A /* Debug */ = {
			isa = XCBuildConfiguration;
			buildSettings = {
				ALWAYS_EMBED_SWIFT_STANDARD_LIBRARIES = YES;
				CODE_SIGN_STYLE = Automatic;
				CURRENT_PROJECT_VERSION = 1;
				GENERATE_INFOPLIST_FILE = YES;
				MARKETING_VERSION = 1.0;
				PRODUCT_BUNDLE_IDENTIFIER = com.yourcompany.photoAppUITests;
				PRODUCT_NAME = "$(TARGET_NAME)";
				SWIFT_EMIT_LOC_STRINGS = NO;
				SWIFT_VERSION = 5.0;
				TARGETED_DEVICE_FAMILY = "1,2";
				TEST_TARGET_NAME = photoApp;
			};
			name = Debug;
		};
		BDCAF53728F7E7C7004ECB1A /* Release */ = {
			isa = XCBuildConfiguration;
			buildSettings = {
				ALWAYS_EMBED_SWIFT_STANDARD_LIBRARIES = YES;
				CODE_SIGN_STYLE = Automatic;
				CURRENT_PROJECT_VERSION = 1;
				GENERATE_INFOPLIST_FILE = YES;
				MARKETING_VERSION = 1.0;
				PRODUCT_BUNDLE_IDENTIFIER = com.yourcompany.photoAppUITests;
				PRODUCT_NAME = "$(TARGET_NAME)";
				SWIFT_EMIT_LOC_STRINGS = NO;
				SWIFT_VERSION = 5.0;
				TARGETED_DEVICE_FAMILY = "1,2";
				TEST_TARGET_NAME = photoApp;
			};
			name = Release;
		};
/* End XCBuildConfiguration section */

/* Begin XCConfigurationList section */
		BDCAF50628F7E7C4004ECB1A /* Build configuration list for PBXProject "photoApp" */ = {
			isa = XCConfigurationList;
			buildConfigurations = (
				BDCAF52D28F7E7C7004ECB1A /* Debug */,
				BDCAF52E28F7E7C7004ECB1A /* Release */,
			);
			defaultConfigurationIsVisible = 0;
			defaultConfigurationName = Release;
		};
		BDCAF52F28F7E7C7004ECB1A /* Build configuration list for PBXNativeTarget "photoApp" */ = {
			isa = XCConfigurationList;
			buildConfigurations = (
				BDCAF53028F7E7C7004ECB1A /* Debug */,
				BDCAF53128F7E7C7004ECB1A /* Release */,
			);
			defaultConfigurationIsVisible = 0;
			defaultConfigurationName = Release;
		};
		BDCAF53228F7E7C7004ECB1A /* Build configuration list for PBXNativeTarget "photoAppTests" */ = {
			isa = XCConfigurationList;
			buildConfigurations = (
				BDCAF53328F7E7C7004ECB1A /* Debug */,
				BDCAF53428F7E7C7004ECB1A /* Release */,
			);
			defaultConfigurationIsVisible = 0;
			defaultConfigurationName = Release;
		};
		BDCAF53528F7E7C7004ECB1A /* Build configuration list for PBXNativeTarget "photoAppUITests" */ = {
			isa = XCConfigurationList;
			buildConfigurations = (
				BDCAF53628F7E7C7004ECB1A /* Debug */,
				BDCAF53728F7E7C7004ECB1A /* Release */,
			);
			defaultConfigurationIsVisible = 0;
			defaultConfigurationName = Release;
		};
/* End XCConfigurationList section */

/* Begin XCRemoteSwiftPackageReference section */
		BDCAF53828F7E859004ECB1A /* XCRemoteSwiftPackageReference "Alamofire" */ = {
			isa = XCRemoteSwiftPackageReference;
			repositoryURL = "https://github.com/Alamofire/Alamofire";
			requirement = {
				branch = master;
				kind = branch;
			};
		};
/* End XCRemoteSwiftPackageReference section */

/* Begin XCSwiftPackageProductDependency section */
		BDCAF53928F7E859004ECB1A /* Alamofire */ = {
			isa = XCSwiftPackageProductDependency;
			package = BDCAF53828F7E859004ECB1A /* XCRemoteSwiftPackageReference "Alamofire" */;
			productName = Alamofire;
		};
/* End XCSwiftPackageProductDependency section */
	};
	rootObject = BDCAF50328F7E7C4004ECB1A /* Project object */;
}
